// !$*UTF8*$!
{
	archiveVersion = 1;
	classes = {
	};
	objectVersion = 56;
	objects = {

/* Begin PBXBuildFile section */
		3E49F1E729E572EA009F4779 /* 연속된 수의 합.swift in Sources */ = {isa = PBXBuildFile; fileRef = 3E49F1E629E572EA009F4779 /* 연속된 수의 합.swift */; };
		3E49F1E929E57C06009F4779 /* 문자열 밀기.swift in Sources */ = {isa = PBXBuildFile; fileRef = 3E49F1E829E57C06009F4779 /* 문자열 밀기.swift */; };
		3E49F1EB29E5814F009F4779 /* 잘라서 배열로 저장하기.swift in Sources */ = {isa = PBXBuildFile; fileRef = 3E49F1EA29E5814F009F4779 /* 잘라서 배열로 저장하기.swift */; };
		3E49F1ED29E58685009F4779 /* 7의 개수.swift in Sources */ = {isa = PBXBuildFile; fileRef = 3E49F1EC29E58685009F4779 /* 7의 개수.swift */; };
		3E49F1EF29E58875009F4779 /* 문자열 정렬하기2.swift in Sources */ = {isa = PBXBuildFile; fileRef = 3E49F1EE29E58875009F4779 /* 문자열 정렬하기2.swift */; };
		3E49F1F129E5897A009F4779 /* 세균 증식.swift in Sources */ = {isa = PBXBuildFile; fileRef = 3E49F1F029E5897A009F4779 /* 세균 증식.swift */; };
		3E49F1F529E819F0009F4779 /* 아방가르드 스타일.swift in Sources */ = {isa = PBXBuildFile; fileRef = 3E49F1F429E819F0009F4779 /* 아방가르드 스타일.swift */; };
		3E6D72CA29E15EAF002D9CC4 /* makeOne.swift in Sources */ = {isa = PBXBuildFile; fileRef = 3E6D72C929E15EAF002D9CC4 /* makeOne.swift */; };
		3E6D72CC29E178AC002D9CC4 /* antWarrior.swift in Sources */ = {isa = PBXBuildFile; fileRef = 3E6D72CB29E178AC002D9CC4 /* antWarrior.swift */; };
		3E6D72CE29E187C2002D9CC4 /* floorConstruction.swift in Sources */ = {isa = PBXBuildFile; fileRef = 3E6D72CD29E187C2002D9CC4 /* floorConstruction.swift */; };
		3E6D72D029E18C42002D9CC4 /* efficientMoney.swift in Sources */ = {isa = PBXBuildFile; fileRef = 3E6D72CF29E18C42002D9CC4 /* efficientMoney.swift */; };
		3E6D72D329E1B2CC002D9CC4 /* player.swift in Sources */ = {isa = PBXBuildFile; fileRef = 3E6D72D229E1B2CC002D9CC4 /* player.swift */; };
		3E6D72D529E1C6E1002D9CC4 /* memoryScore.swift in Sources */ = {isa = PBXBuildFile; fileRef = 3E6D72D429E1C6E1002D9CC4 /* memoryScore.swift */; };
		3E6D72D729E1CB31002D9CC4 /* babbling.swift in Sources */ = {isa = PBXBuildFile; fileRef = 3E6D72D629E1CB31002D9CC4 /* babbling.swift */; };
		3E6E3AAF29D96D7C0088F983 /* main.swift in Sources */ = {isa = PBXBuildFile; fileRef = 3E6E3AAE29D96D7C0088F983 /* main.swift */; };
		3E6E3AB729D9A2150088F983 /* excuteFunc.swift in Sources */ = {isa = PBXBuildFile; fileRef = 3E6E3AB629D9A2150088F983 /* excuteFunc.swift */; };
		3E6E3ABA29D9A5B00088F983 /* bigNum.swift in Sources */ = {isa = PBXBuildFile; fileRef = 3E6E3AB929D9A5B00088F983 /* bigNum.swift */; };
		3E6E3ABD29D9A7550088F983 /* totalMarginCoin.swift in Sources */ = {isa = PBXBuildFile; fileRef = 3E6E3ABC29D9A7550088F983 /* totalMarginCoin.swift */; };
		3E6E3ABF29D9ABB90088F983 /* numberCardGame.swift in Sources */ = {isa = PBXBuildFile; fileRef = 3E6E3ABE29D9ABB90088F983 /* numberCardGame.swift */; };
		3E6E3AC129D9B6380088F983 /* untilOne.swift in Sources */ = {isa = PBXBuildFile; fileRef = 3E6E3AC029D9B6380088F983 /* untilOne.swift */; };
		3E6E3AC429DA75A40088F983 /* lrud.swift in Sources */ = {isa = PBXBuildFile; fileRef = 3E6E3AC329DA75A40088F983 /* lrud.swift */; };
		3E6E3AC629DA7BCD0088F983 /* clock.swift in Sources */ = {isa = PBXBuildFile; fileRef = 3E6E3AC529DA7BCD0088F983 /* clock.swift */; };
		3E6E3AC829DAB1110088F983 /* royalNight.swift in Sources */ = {isa = PBXBuildFile; fileRef = 3E6E3AC729DAB1110088F983 /* royalNight.swift */; };
		3E6E3ACA29DAE4390088F983 /* developmentGame.swift in Sources */ = {isa = PBXBuildFile; fileRef = 3E6E3AC929DAE4390088F983 /* developmentGame.swift */; };
		3E6E3ACD29DB13F70088F983 /* practice.swift in Sources */ = {isa = PBXBuildFile; fileRef = 3E6E3ACC29DB13F70088F983 /* practice.swift */; };
		3E6E3ACF29DC74DF0088F983 /* ice.swift in Sources */ = {isa = PBXBuildFile; fileRef = 3E6E3ACE29DC74DF0088F983 /* ice.swift */; };
		3E6E3AD129DDA2E30088F983 /* dfs.swift in Sources */ = {isa = PBXBuildFile; fileRef = 3E6E3AD029DDA2E30088F983 /* dfs.swift */; };
		3E6E3AD529DED6370088F983 /* SumOfConsecutivePulseSubsequences.swift in Sources */ = {isa = PBXBuildFile; fileRef = 3E6E3AD429DED6370088F983 /* SumOfConsecutivePulseSubsequences.swift */; };
		3E6E3AD729DEE6E90088F983 /*  shortestDistance.swift in Sources */ = {isa = PBXBuildFile; fileRef = 3E6E3AD629DEE6E90088F983 /*  shortestDistance.swift */; };
		3E6E3AD929DF001C0088F983 /* performanceAppraisal.swift in Sources */ = {isa = PBXBuildFile; fileRef = 3E6E3AD829DF001C0088F983 /* performanceAppraisal.swift */; };
		3E6E3ADC29E0452B0088F983 /* binarySearch.swift in Sources */ = {isa = PBXBuildFile; fileRef = 3E6E3ADB29E0452B0088F983 /* binarySearch.swift */; };
		3E6E3ADE29E062E90088F983 /* searchPart.swift in Sources */ = {isa = PBXBuildFile; fileRef = 3E6E3ADD29E062E90088F983 /* searchPart.swift */; };
		3E6E3AE129E06DB00088F983 /* 연속된 부분 수열의 합.swift in Sources */ = {isa = PBXBuildFile; fileRef = 3E6E3AE029E06DB00088F983 /* 연속된 부분 수열의 합.swift */; };
		3EAD6D5B29F03524004F7AEA /* dijkstra.swift in Sources */ = {isa = PBXBuildFile; fileRef = 3EAD6D5A29F03524004F7AEA /* dijkstra.swift */; };
		3EAD6D5E29F05CA0004F7AEA /* MinHeap.swift in Sources */ = {isa = PBXBuildFile; fileRef = 3EAD6D5D29F05CA0004F7AEA /* MinHeap.swift */; };
		3EAD6D6029F182BD004F7AEA /* MaxHeap.swift in Sources */ = {isa = PBXBuildFile; fileRef = 3EAD6D5F29F182BD004F7AEA /* MaxHeap.swift */; };
		3EAD6D8F29F295A4004F7AEA /* 개선된 다익스트라.swift in Sources */ = {isa = PBXBuildFile; fileRef = 3EAD6D8E29F295A4004F7AEA /* 개선된 다익스트라.swift */; };
		3EAD6D9129F2A0BD004F7AEA /* 기본 다익스트라.swift in Sources */ = {isa = PBXBuildFile; fileRef = 3EAD6D9029F2A0BD004F7AEA /* 기본 다익스트라.swift */; };
		3EAD6D9529F2D9B7004F7AEA /* 플로이드 워셜.swift in Sources */ = {isa = PBXBuildFile; fileRef = 3EAD6D9429F2D9B7004F7AEA /* 플로이드 워셜.swift */; };
		3EAD6D9729F4FFBB004F7AEA /* 미래도시.swift in Sources */ = {isa = PBXBuildFile; fileRef = 3EAD6D9629F4FFBB004F7AEA /* 미래도시.swift */; };
		3EAD6D9929F6BFD1004F7AEA /* qr code.swift in Sources */ = {isa = PBXBuildFile; fileRef = 3EAD6D9829F6BFD1004F7AEA /* qr code.swift */; };
		3EAD6D9B29F6C122004F7AEA /* 문자열을 정수로 변환하기.swift in Sources */ = {isa = PBXBuildFile; fileRef = 3EAD6D9A29F6C122004F7AEA /* 문자열을 정수로 변환하기.swift */; };
		3EAD6D9D29F6C173004F7AEA /* 문자열로 변환.swift in Sources */ = {isa = PBXBuildFile; fileRef = 3EAD6D9C29F6C173004F7AEA /* 문자열로 변환.swift */; };
		3EAD6D9F29F6C1CC004F7AEA /* 소문자로 바꾸기.swift in Sources */ = {isa = PBXBuildFile; fileRef = 3EAD6D9E29F6C1CC004F7AEA /* 소문자로 바꾸기.swift */; };
		3EAD6DA129F6C429004F7AEA /* n 번째 원소까지.swift in Sources */ = {isa = PBXBuildFile; fileRef = 3EAD6DA029F6C429004F7AEA /* n 번째 원소까지.swift */; };
		3EAD6DA329F6C525004F7AEA /* 공백으로 구분하기 1.swift in Sources */ = {isa = PBXBuildFile; fileRef = 3EAD6DA229F6C525004F7AEA /* 공백으로 구분하기 1.swift */; };
		3EAD6DA529F6C5DF004F7AEA /* 카운트 다운.swift in Sources */ = {isa = PBXBuildFile; fileRef = 3EAD6DA429F6C5DF004F7AEA /* 카운트 다운.swift */; };
		3EAD6DA729F6C6A3004F7AEA /* 문자열 곱하기.swift in Sources */ = {isa = PBXBuildFile; fileRef = 3EAD6DA629F6C6A3004F7AEA /* 문자열 곱하기.swift */; };
		3EAD6DA929F8D17D004F7AEA /* 문자열의 뒤의 n글자.swift in Sources */ = {isa = PBXBuildFile; fileRef = 3EAD6DA829F8D17D004F7AEA /* 문자열의 뒤의 n글자.swift */; };
		3EAD6DAB29F8D20D004F7AEA /* 문자 리스트를 문자열로 변환하기.swift in Sources */ = {isa = PBXBuildFile; fileRef = 3EAD6DAA29F8D20D004F7AEA /* 문자 리스트를 문자열로 변환하기.swift */; };
		3EAD6DAD29F8D41E004F7AEA /* 정수 찾기.swift in Sources */ = {isa = PBXBuildFile; fileRef = 3EAD6DAC29F8D41E004F7AEA /* 정수 찾기.swift */; };
		3EAD6DAF29F8D5BB004F7AEA /* 문자열 정수의 합.swift in Sources */ = {isa = PBXBuildFile; fileRef = 3EAD6DAE29F8D5BB004F7AEA /* 문자열 정수의 합.swift */; };
		3EAD6DB129F94B5A004F7AEA /* 전보.swift in Sources */ = {isa = PBXBuildFile; fileRef = 3EAD6DB029F94B5A004F7AEA /* 전보.swift */; };
		3EAD6DB429FA4224004F7AEA /* 서로소 집합.swift in Sources */ = {isa = PBXBuildFile; fileRef = 3EAD6DB329FA4224004F7AEA /* 서로소 집합.swift */; };
		3EAD6DB729FA4EA8004F7AEA /* DisjointSet.swift in Sources */ = {isa = PBXBuildFile; fileRef = 3EAD6DB629FA4EA8004F7AEA /* DisjointSet.swift */; };
		3EAD6DBB29FA74E8004F7AEA /* 크루스칼 알고리즘.swift in Sources */ = {isa = PBXBuildFile; fileRef = 3EAD6DBA29FA74E8004F7AEA /* 크루스칼 알고리즘.swift */; };
		3EAD6E3029FE71C8004F7AEA /* 팀 결성 문제.swift in Sources */ = {isa = PBXBuildFile; fileRef = 3EAD6E2F29FE71C8004F7AEA /* 팀 결성 문제.swift */; };
		3EAD6E3229FE7221004F7AEA /* 도시 분할 계획 문제.swift in Sources */ = {isa = PBXBuildFile; fileRef = 3EAD6E3129FE7221004F7AEA /* 도시 분할 계획 문제.swift */; };
		3EAD6E3429FE7230004F7AEA /* 커리큘럼 문제.swift in Sources */ = {isa = PBXBuildFile; fileRef = 3EAD6E3329FE7230004F7AEA /* 커리큘럼 문제.swift */; };
		3EAD6E362A025FCD004F7AEA /* 위상정렬.swift in Sources */ = {isa = PBXBuildFile; fileRef = 3EAD6E352A025FCD004F7AEA /* 위상정렬.swift */; };
		3EAD6E382A036701004F7AEA /* 거스름돈.swift in Sources */ = {isa = PBXBuildFile; fileRef = 3EAD6E372A036701004F7AEA /* 거스름돈.swift */; };
		3EAD6E3C2A036D1B004F7AEA /* 큰 수의 법칙.swift in Sources */ = {isa = PBXBuildFile; fileRef = 3EAD6E3B2A036D1B004F7AEA /* 큰 수의 법칙.swift */; };
		3EAD6E3F2A036F4D004F7AEA /* 숫자 카드 게임.swift in Sources */ = {isa = PBXBuildFile; fileRef = 3EAD6E3E2A036F4D004F7AEA /* 숫자 카드 게임.swift */; };
		3EAD6E412A037329004F7AEA /* 1이 될 때까지.swift in Sources */ = {isa = PBXBuildFile; fileRef = 3EAD6E402A037329004F7AEA /* 1이 될 때까지.swift */; };
		3EAD6E432A04AA93004F7AEA /* 예제 4-1 상하좌우.swift in Sources */ = {isa = PBXBuildFile; fileRef = 3EAD6E422A04AA93004F7AEA /* 예제 4-1 상하좌우.swift */; };
		3EAD6E452A04AD90004F7AEA /* 예제 4-2 시각.swift in Sources */ = {isa = PBXBuildFile; fileRef = 3EAD6E442A04AD90004F7AEA /* 예제 4-2 시각.swift */; };
		3EAD6E492A04B278004F7AEA /* 실전문제2 왕실의 나이트.swift in Sources */ = {isa = PBXBuildFile; fileRef = 3EAD6E482A04B278004F7AEA /* 실전문제2 왕실의 나이트.swift */; };
		3EAD6E4B2A04BB49004F7AEA /* 실전문제 3 게임 개발.swift in Sources */ = {isa = PBXBuildFile; fileRef = 3EAD6E4A2A04BB49004F7AEA /* 실전문제 3 게임 개발.swift */; };
		3EAD6E512A07854F004F7AEA /* 실전문제2 왕실의 나이트2.swift in Sources */ = {isa = PBXBuildFile; fileRef = 3EAD6E502A07854F004F7AEA /* 실전문제2 왕실의 나이트2.swift */; };
		3EAD6E532A0787CF004F7AEA /* 실전문제3 게임 개발2.swift in Sources */ = {isa = PBXBuildFile; fileRef = 3EAD6E522A0787CF004F7AEA /* 실전문제3 게임 개발2.swift */; };
/* End PBXBuildFile section */

/* Begin PBXCopyFilesBuildPhase section */
		3E6E3AA929D96D7C0088F983 /* CopyFiles */ = {
			isa = PBXCopyFilesBuildPhase;
			buildActionMask = 2147483647;
			dstPath = /usr/share/man/man1/;
			dstSubfolderSpec = 0;
			files = (
			);
			runOnlyForDeploymentPostprocessing = 1;
		};
/* End PBXCopyFilesBuildPhase section */

/* Begin PBXFileReference section */
		3E49F1E629E572EA009F4779 /* 연속된 수의 합.swift */ = {isa = PBXFileReference; lastKnownFileType = sourcecode.swift; path = "연속된 수의 합.swift"; sourceTree = "<group>"; };
		3E49F1E829E57C06009F4779 /* 문자열 밀기.swift */ = {isa = PBXFileReference; lastKnownFileType = sourcecode.swift; path = "문자열 밀기.swift"; sourceTree = "<group>"; };
		3E49F1EA29E5814F009F4779 /* 잘라서 배열로 저장하기.swift */ = {isa = PBXFileReference; lastKnownFileType = sourcecode.swift; path = "잘라서 배열로 저장하기.swift"; sourceTree = "<group>"; };
		3E49F1EC29E58685009F4779 /* 7의 개수.swift */ = {isa = PBXFileReference; lastKnownFileType = sourcecode.swift; path = "7의 개수.swift"; sourceTree = "<group>"; };
		3E49F1EE29E58875009F4779 /* 문자열 정렬하기2.swift */ = {isa = PBXFileReference; lastKnownFileType = sourcecode.swift; path = "문자열 정렬하기2.swift"; sourceTree = "<group>"; };
		3E49F1F029E5897A009F4779 /* 세균 증식.swift */ = {isa = PBXFileReference; lastKnownFileType = sourcecode.swift; path = "세균 증식.swift"; sourceTree = "<group>"; };
		3E49F1F429E819F0009F4779 /* 아방가르드 스타일.swift */ = {isa = PBXFileReference; lastKnownFileType = sourcecode.swift; path = "아방가르드 스타일.swift"; sourceTree = "<group>"; };
		3E6D72C929E15EAF002D9CC4 /* makeOne.swift */ = {isa = PBXFileReference; lastKnownFileType = sourcecode.swift; path = makeOne.swift; sourceTree = "<group>"; };
		3E6D72CB29E178AC002D9CC4 /* antWarrior.swift */ = {isa = PBXFileReference; lastKnownFileType = sourcecode.swift; path = antWarrior.swift; sourceTree = "<group>"; };
		3E6D72CD29E187C2002D9CC4 /* floorConstruction.swift */ = {isa = PBXFileReference; lastKnownFileType = sourcecode.swift; path = floorConstruction.swift; sourceTree = "<group>"; };
		3E6D72CF29E18C42002D9CC4 /* efficientMoney.swift */ = {isa = PBXFileReference; lastKnownFileType = sourcecode.swift; path = efficientMoney.swift; sourceTree = "<group>"; };
		3E6D72D229E1B2CC002D9CC4 /* player.swift */ = {isa = PBXFileReference; lastKnownFileType = sourcecode.swift; path = player.swift; sourceTree = "<group>"; };
		3E6D72D429E1C6E1002D9CC4 /* memoryScore.swift */ = {isa = PBXFileReference; lastKnownFileType = sourcecode.swift; path = memoryScore.swift; sourceTree = "<group>"; };
		3E6D72D629E1CB31002D9CC4 /* babbling.swift */ = {isa = PBXFileReference; lastKnownFileType = sourcecode.swift; path = babbling.swift; sourceTree = "<group>"; };
		3E6E3AAB29D96D7C0088F983 /* PracticeCodingTest */ = {isa = PBXFileReference; explicitFileType = "compiled.mach-o.executable"; includeInIndex = 0; path = PracticeCodingTest; sourceTree = BUILT_PRODUCTS_DIR; };
		3E6E3AAE29D96D7C0088F983 /* main.swift */ = {isa = PBXFileReference; lastKnownFileType = sourcecode.swift; path = main.swift; sourceTree = "<group>"; };
		3E6E3AB629D9A2150088F983 /* excuteFunc.swift */ = {isa = PBXFileReference; lastKnownFileType = sourcecode.swift; path = excuteFunc.swift; sourceTree = "<group>"; };
		3E6E3AB929D9A5B00088F983 /* bigNum.swift */ = {isa = PBXFileReference; lastKnownFileType = sourcecode.swift; path = bigNum.swift; sourceTree = "<group>"; };
		3E6E3ABC29D9A7550088F983 /* totalMarginCoin.swift */ = {isa = PBXFileReference; lastKnownFileType = sourcecode.swift; path = totalMarginCoin.swift; sourceTree = "<group>"; };
		3E6E3ABE29D9ABB90088F983 /* numberCardGame.swift */ = {isa = PBXFileReference; lastKnownFileType = sourcecode.swift; path = numberCardGame.swift; sourceTree = "<group>"; };
		3E6E3AC029D9B6380088F983 /* untilOne.swift */ = {isa = PBXFileReference; lastKnownFileType = sourcecode.swift; path = untilOne.swift; sourceTree = "<group>"; };
		3E6E3AC329DA75A40088F983 /* lrud.swift */ = {isa = PBXFileReference; lastKnownFileType = sourcecode.swift; path = lrud.swift; sourceTree = "<group>"; };
		3E6E3AC529DA7BCD0088F983 /* clock.swift */ = {isa = PBXFileReference; lastKnownFileType = sourcecode.swift; path = clock.swift; sourceTree = "<group>"; };
		3E6E3AC729DAB1110088F983 /* royalNight.swift */ = {isa = PBXFileReference; lastKnownFileType = sourcecode.swift; path = royalNight.swift; sourceTree = "<group>"; };
		3E6E3AC929DAE4390088F983 /* developmentGame.swift */ = {isa = PBXFileReference; lastKnownFileType = sourcecode.swift; path = developmentGame.swift; sourceTree = "<group>"; };
		3E6E3ACC29DB13F70088F983 /* practice.swift */ = {isa = PBXFileReference; lastKnownFileType = sourcecode.swift; path = practice.swift; sourceTree = "<group>"; };
		3E6E3ACE29DC74DF0088F983 /* ice.swift */ = {isa = PBXFileReference; lastKnownFileType = sourcecode.swift; path = ice.swift; sourceTree = "<group>"; };
		3E6E3AD029DDA2E30088F983 /* dfs.swift */ = {isa = PBXFileReference; lastKnownFileType = sourcecode.swift; path = dfs.swift; sourceTree = "<group>"; };
		3E6E3AD429DED6370088F983 /* SumOfConsecutivePulseSubsequences.swift */ = {isa = PBXFileReference; lastKnownFileType = sourcecode.swift; path = SumOfConsecutivePulseSubsequences.swift; sourceTree = "<group>"; };
		3E6E3AD629DEE6E90088F983 /*  shortestDistance.swift */ = {isa = PBXFileReference; lastKnownFileType = sourcecode.swift; path = " shortestDistance.swift"; sourceTree = "<group>"; };
		3E6E3AD829DF001C0088F983 /* performanceAppraisal.swift */ = {isa = PBXFileReference; lastKnownFileType = sourcecode.swift; path = performanceAppraisal.swift; sourceTree = "<group>"; };
		3E6E3ADB29E0452B0088F983 /* binarySearch.swift */ = {isa = PBXFileReference; lastKnownFileType = sourcecode.swift; path = binarySearch.swift; sourceTree = "<group>"; };
		3E6E3ADD29E062E90088F983 /* searchPart.swift */ = {isa = PBXFileReference; lastKnownFileType = sourcecode.swift; path = searchPart.swift; sourceTree = "<group>"; };
		3E6E3AE029E06DB00088F983 /* 연속된 부분 수열의 합.swift */ = {isa = PBXFileReference; lastKnownFileType = sourcecode.swift; path = "연속된 부분 수열의 합.swift"; sourceTree = "<group>"; };
		3EAD6D5A29F03524004F7AEA /* dijkstra.swift */ = {isa = PBXFileReference; lastKnownFileType = sourcecode.swift; path = dijkstra.swift; sourceTree = "<group>"; };
		3EAD6D5D29F05CA0004F7AEA /* MinHeap.swift */ = {isa = PBXFileReference; lastKnownFileType = sourcecode.swift; path = MinHeap.swift; sourceTree = "<group>"; };
		3EAD6D5F29F182BD004F7AEA /* MaxHeap.swift */ = {isa = PBXFileReference; lastKnownFileType = sourcecode.swift; path = MaxHeap.swift; sourceTree = "<group>"; };
		3EAD6D8E29F295A4004F7AEA /* 개선된 다익스트라.swift */ = {isa = PBXFileReference; lastKnownFileType = sourcecode.swift; path = "개선된 다익스트라.swift"; sourceTree = "<group>"; };
		3EAD6D9029F2A0BD004F7AEA /* 기본 다익스트라.swift */ = {isa = PBXFileReference; lastKnownFileType = sourcecode.swift; path = "기본 다익스트라.swift"; sourceTree = "<group>"; };
		3EAD6D9429F2D9B7004F7AEA /* 플로이드 워셜.swift */ = {isa = PBXFileReference; lastKnownFileType = sourcecode.swift; path = "플로이드 워셜.swift"; sourceTree = "<group>"; };
		3EAD6D9629F4FFBB004F7AEA /* 미래도시.swift */ = {isa = PBXFileReference; lastKnownFileType = sourcecode.swift; path = "미래도시.swift"; sourceTree = "<group>"; };
		3EAD6D9829F6BFD1004F7AEA /* qr code.swift */ = {isa = PBXFileReference; lastKnownFileType = sourcecode.swift; path = "qr code.swift"; sourceTree = "<group>"; };
		3EAD6D9A29F6C122004F7AEA /* 문자열을 정수로 변환하기.swift */ = {isa = PBXFileReference; lastKnownFileType = sourcecode.swift; path = "문자열을 정수로 변환하기.swift"; sourceTree = "<group>"; };
		3EAD6D9C29F6C173004F7AEA /* 문자열로 변환.swift */ = {isa = PBXFileReference; lastKnownFileType = sourcecode.swift; path = "문자열로 변환.swift"; sourceTree = "<group>"; };
		3EAD6D9E29F6C1CC004F7AEA /* 소문자로 바꾸기.swift */ = {isa = PBXFileReference; lastKnownFileType = sourcecode.swift; path = "소문자로 바꾸기.swift"; sourceTree = "<group>"; };
		3EAD6DA029F6C429004F7AEA /* n 번째 원소까지.swift */ = {isa = PBXFileReference; lastKnownFileType = sourcecode.swift; path = "n 번째 원소까지.swift"; sourceTree = "<group>"; };
		3EAD6DA229F6C525004F7AEA /* 공백으로 구분하기 1.swift */ = {isa = PBXFileReference; lastKnownFileType = sourcecode.swift; path = "공백으로 구분하기 1.swift"; sourceTree = "<group>"; };
		3EAD6DA429F6C5DF004F7AEA /* 카운트 다운.swift */ = {isa = PBXFileReference; lastKnownFileType = sourcecode.swift; path = "카운트 다운.swift"; sourceTree = "<group>"; };
		3EAD6DA629F6C6A3004F7AEA /* 문자열 곱하기.swift */ = {isa = PBXFileReference; lastKnownFileType = sourcecode.swift; path = "문자열 곱하기.swift"; sourceTree = "<group>"; };
		3EAD6DA829F8D17D004F7AEA /* 문자열의 뒤의 n글자.swift */ = {isa = PBXFileReference; lastKnownFileType = sourcecode.swift; path = "문자열의 뒤의 n글자.swift"; sourceTree = "<group>"; };
		3EAD6DAA29F8D20D004F7AEA /* 문자 리스트를 문자열로 변환하기.swift */ = {isa = PBXFileReference; lastKnownFileType = sourcecode.swift; path = "문자 리스트를 문자열로 변환하기.swift"; sourceTree = "<group>"; };
		3EAD6DAC29F8D41E004F7AEA /* 정수 찾기.swift */ = {isa = PBXFileReference; lastKnownFileType = sourcecode.swift; path = "정수 찾기.swift"; sourceTree = "<group>"; };
		3EAD6DAE29F8D5BB004F7AEA /* 문자열 정수의 합.swift */ = {isa = PBXFileReference; lastKnownFileType = sourcecode.swift; path = "문자열 정수의 합.swift"; sourceTree = "<group>"; };
		3EAD6DB029F94B5A004F7AEA /* 전보.swift */ = {isa = PBXFileReference; lastKnownFileType = sourcecode.swift; path = "전보.swift"; sourceTree = "<group>"; };
		3EAD6DB329FA4224004F7AEA /* 서로소 집합.swift */ = {isa = PBXFileReference; lastKnownFileType = sourcecode.swift; path = "서로소 집합.swift"; sourceTree = "<group>"; };
		3EAD6DB629FA4EA8004F7AEA /* DisjointSet.swift */ = {isa = PBXFileReference; lastKnownFileType = sourcecode.swift; path = DisjointSet.swift; sourceTree = "<group>"; };
		3EAD6DBA29FA74E8004F7AEA /* 크루스칼 알고리즘.swift */ = {isa = PBXFileReference; lastKnownFileType = sourcecode.swift; path = "크루스칼 알고리즘.swift"; sourceTree = "<group>"; };
		3EAD6E2F29FE71C8004F7AEA /* 팀 결성 문제.swift */ = {isa = PBXFileReference; lastKnownFileType = sourcecode.swift; path = "팀 결성 문제.swift"; sourceTree = "<group>"; };
		3EAD6E3129FE7221004F7AEA /* 도시 분할 계획 문제.swift */ = {isa = PBXFileReference; lastKnownFileType = sourcecode.swift; path = "도시 분할 계획 문제.swift"; sourceTree = "<group>"; };
		3EAD6E3329FE7230004F7AEA /* 커리큘럼 문제.swift */ = {isa = PBXFileReference; lastKnownFileType = sourcecode.swift; path = "커리큘럼 문제.swift"; sourceTree = "<group>"; };
		3EAD6E352A025FCD004F7AEA /* 위상정렬.swift */ = {isa = PBXFileReference; lastKnownFileType = sourcecode.swift; path = "위상정렬.swift"; sourceTree = "<group>"; };
		3EAD6E372A036701004F7AEA /* 거스름돈.swift */ = {isa = PBXFileReference; lastKnownFileType = sourcecode.swift; path = "거스름돈.swift"; sourceTree = "<group>"; };
		3EAD6E3B2A036D1B004F7AEA /* 큰 수의 법칙.swift */ = {isa = PBXFileReference; lastKnownFileType = sourcecode.swift; path = "큰 수의 법칙.swift"; sourceTree = "<group>"; };
		3EAD6E3E2A036F4D004F7AEA /* 숫자 카드 게임.swift */ = {isa = PBXFileReference; lastKnownFileType = sourcecode.swift; path = "숫자 카드 게임.swift"; sourceTree = "<group>"; };
		3EAD6E402A037329004F7AEA /* 1이 될 때까지.swift */ = {isa = PBXFileReference; lastKnownFileType = sourcecode.swift; path = "1이 될 때까지.swift"; sourceTree = "<group>"; };
		3EAD6E422A04AA93004F7AEA /* 예제 4-1 상하좌우.swift */ = {isa = PBXFileReference; lastKnownFileType = sourcecode.swift; path = "예제 4-1 상하좌우.swift"; sourceTree = "<group>"; };
		3EAD6E442A04AD90004F7AEA /* 예제 4-2 시각.swift */ = {isa = PBXFileReference; lastKnownFileType = sourcecode.swift; path = "예제 4-2 시각.swift"; sourceTree = "<group>"; };
		3EAD6E482A04B278004F7AEA /* 실전문제2 왕실의 나이트.swift */ = {isa = PBXFileReference; lastKnownFileType = sourcecode.swift; path = "실전문제2 왕실의 나이트.swift"; sourceTree = "<group>"; };
		3EAD6E4A2A04BB49004F7AEA /* 실전문제 3 게임 개발.swift */ = {isa = PBXFileReference; lastKnownFileType = sourcecode.swift; path = "실전문제 3 게임 개발.swift"; sourceTree = "<group>"; };
		3EAD6E502A07854F004F7AEA /* 실전문제2 왕실의 나이트2.swift */ = {isa = PBXFileReference; lastKnownFileType = sourcecode.swift; path = "실전문제2 왕실의 나이트2.swift"; sourceTree = "<group>"; };
		3EAD6E522A0787CF004F7AEA /* 실전문제3 게임 개발2.swift */ = {isa = PBXFileReference; lastKnownFileType = sourcecode.swift; path = "실전문제3 게임 개발2.swift"; sourceTree = "<group>"; };
/* End PBXFileReference section */

/* Begin PBXFrameworksBuildPhase section */
		3E6E3AA829D96D7C0088F983 /* Frameworks */ = {
			isa = PBXFrameworksBuildPhase;
			buildActionMask = 2147483647;
			files = (
			);
			runOnlyForDeploymentPostprocessing = 0;
		};
/* End PBXFrameworksBuildPhase section */

/* Begin PBXGroup section */
		3E49F1E529E572DC009F4779 /* Level0 */ = {
			isa = PBXGroup;
			children = (
				3E49F1E629E572EA009F4779 /* 연속된 수의 합.swift */,
				3E49F1E829E57C06009F4779 /* 문자열 밀기.swift */,
				3E49F1EA29E5814F009F4779 /* 잘라서 배열로 저장하기.swift */,
				3E49F1EC29E58685009F4779 /* 7의 개수.swift */,
				3E49F1EE29E58875009F4779 /* 문자열 정렬하기2.swift */,
				3E49F1F029E5897A009F4779 /* 세균 증식.swift */,
				3EAD6D9829F6BFD1004F7AEA /* qr code.swift */,
				3EAD6D9A29F6C122004F7AEA /* 문자열을 정수로 변환하기.swift */,
				3EAD6D9C29F6C173004F7AEA /* 문자열로 변환.swift */,
				3EAD6D9E29F6C1CC004F7AEA /* 소문자로 바꾸기.swift */,
				3EAD6DA029F6C429004F7AEA /* n 번째 원소까지.swift */,
				3EAD6DA229F6C525004F7AEA /* 공백으로 구분하기 1.swift */,
				3EAD6DA429F6C5DF004F7AEA /* 카운트 다운.swift */,
				3EAD6DA629F6C6A3004F7AEA /* 문자열 곱하기.swift */,
				3EAD6DA829F8D17D004F7AEA /* 문자열의 뒤의 n글자.swift */,
				3EAD6DAA29F8D20D004F7AEA /* 문자 리스트를 문자열로 변환하기.swift */,
				3EAD6DAC29F8D41E004F7AEA /* 정수 찾기.swift */,
				3EAD6DAE29F8D5BB004F7AEA /* 문자열 정수의 합.swift */,
			);
			path = Level0;
			sourceTree = "<group>";
		};
		3E6D72C829E15EA0002D9CC4 /* Chapter8 */ = {
			isa = PBXGroup;
			children = (
				3E6D72C929E15EAF002D9CC4 /* makeOne.swift */,
				3E6D72CB29E178AC002D9CC4 /* antWarrior.swift */,
				3E6D72CD29E187C2002D9CC4 /* floorConstruction.swift */,
				3E6D72CF29E18C42002D9CC4 /* efficientMoney.swift */,
			);
			path = Chapter8;
			sourceTree = "<group>";
		};
		3E6D72D129E1B2C1002D9CC4 /* Level1 */ = {
			isa = PBXGroup;
			children = (
				3E6D72D229E1B2CC002D9CC4 /* player.swift */,
				3E6D72D429E1C6E1002D9CC4 /* memoryScore.swift */,
				3E6D72D629E1CB31002D9CC4 /* babbling.swift */,
			);
			path = Level1;
			sourceTree = "<group>";
		};
		3E6E3AA229D96D7C0088F983 = {
			isa = PBXGroup;
			children = (
				3E6E3AAD29D96D7C0088F983 /* practiceCodingTest */,
				3E6E3AAC29D96D7C0088F983 /* Products */,
			);
			sourceTree = "<group>";
		};
		3E6E3AAC29D96D7C0088F983 /* Products */ = {
			isa = PBXGroup;
			children = (
				3E6E3AAB29D96D7C0088F983 /* PracticeCodingTest */,
			);
			name = Products;
			sourceTree = "<group>";
		};
		3E6E3AAD29D96D7C0088F983 /* practiceCodingTest */ = {
			isa = PBXGroup;
			children = (
				3EAD6D5C29F05C96004F7AEA /* dataStruct */,
				3E6E3AD229DED3470088F983 /* programmers */,
				3E6E3AAE29D96D7C0088F983 /* main.swift */,
				3E6E3AB829D9A4700088F983 /* bookExample */,
				3E6E3AB529D9A1630088F983 /* utils */,
			);
			path = practiceCodingTest;
			sourceTree = "<group>";
		};
		3E6E3AB529D9A1630088F983 /* utils */ = {
			isa = PBXGroup;
			children = (
				3E6E3AB629D9A2150088F983 /* excuteFunc.swift */,
			);
			path = utils;
			sourceTree = "<group>";
		};
		3E6E3AB829D9A4700088F983 /* bookExample */ = {
			isa = PBXGroup;
			children = (
				3EAD6DB229FA4205004F7AEA /* Chapter10 */,
				3EAD6D5929F03513004F7AEA /* Chapter9 */,
				3E6D72C829E15EA0002D9CC4 /* Chapter8 */,
				3E6E3ADA29E0450E0088F983 /* Chapter6 */,
				3E6E3ACB29DB13EA0088F983 /* Chapter5 */,
				3E6E3AC229DA74B10088F983 /* Chapter4 */,
				3E6E3ABB29D9A6370088F983 /* Chapter3 */,
			);
			path = bookExample;
			sourceTree = "<group>";
		};
		3E6E3ABB29D9A6370088F983 /* Chapter3 */ = {
			isa = PBXGroup;
			children = (
				3E6E3AB929D9A5B00088F983 /* bigNum.swift */,
				3E6E3ABC29D9A7550088F983 /* totalMarginCoin.swift */,
				3E6E3ABE29D9ABB90088F983 /* numberCardGame.swift */,
				3E6E3AC029D9B6380088F983 /* untilOne.swift */,
				3EAD6E372A036701004F7AEA /* 거스름돈.swift */,
				3EAD6E3B2A036D1B004F7AEA /* 큰 수의 법칙.swift */,
				3EAD6E3E2A036F4D004F7AEA /* 숫자 카드 게임.swift */,
				3EAD6E402A037329004F7AEA /* 1이 될 때까지.swift */,
			);
			path = Chapter3;
			sourceTree = "<group>";
		};
		3E6E3AC229DA74B10088F983 /* Chapter4 */ = {
			isa = PBXGroup;
			children = (
				3E6E3AC329DA75A40088F983 /* lrud.swift */,
				3E6E3AC529DA7BCD0088F983 /* clock.swift */,
				3E6E3AC729DAB1110088F983 /* royalNight.swift */,
				3E6E3AC929DAE4390088F983 /* developmentGame.swift */,
				3EAD6E422A04AA93004F7AEA /* 예제 4-1 상하좌우.swift */,
				3EAD6E442A04AD90004F7AEA /* 예제 4-2 시각.swift */,
				3EAD6E482A04B278004F7AEA /* 실전문제2 왕실의 나이트.swift */,
				3EAD6E502A07854F004F7AEA /* 실전문제2 왕실의 나이트2.swift */,
				3EAD6E4A2A04BB49004F7AEA /* 실전문제 3 게임 개발.swift */,
				3EAD6E522A0787CF004F7AEA /* 실전문제3 게임 개발2.swift */,
			);
			path = Chapter4;
			sourceTree = "<group>";
		};
		3E6E3ACB29DB13EA0088F983 /* Chapter5 */ = {
			isa = PBXGroup;
			children = (
				3E6E3ACC29DB13F70088F983 /* practice.swift */,
				3E6E3ACE29DC74DF0088F983 /* ice.swift */,
				3E6E3AD029DDA2E30088F983 /* dfs.swift */,
				3E6E3AD629DEE6E90088F983 /*  shortestDistance.swift */,
			);
			path = Chapter5;
			sourceTree = "<group>";
		};
		3E6E3AD229DED3470088F983 /* programmers */ = {
			isa = PBXGroup;
			children = (
				3E49F1E529E572DC009F4779 /* Level0 */,
				3E6D72D129E1B2C1002D9CC4 /* Level1 */,
				3E6E3ADF29E06D990088F983 /* Level2 */,
				3E6E3AD329DED5DA0088F983 /* Level3 */,
			);
			path = programmers;
			sourceTree = "<group>";
		};
		3E6E3AD329DED5DA0088F983 /* Level3 */ = {
			isa = PBXGroup;
			children = (
				3E6E3AD429DED6370088F983 /* SumOfConsecutivePulseSubsequences.swift */,
				3E6E3AD829DF001C0088F983 /* performanceAppraisal.swift */,
				3E49F1F429E819F0009F4779 /* 아방가르드 스타일.swift */,
			);
			path = Level3;
			sourceTree = "<group>";
		};
		3E6E3ADA29E0450E0088F983 /* Chapter6 */ = {
			isa = PBXGroup;
			children = (
				3E6E3ADB29E0452B0088F983 /* binarySearch.swift */,
				3E6E3ADD29E062E90088F983 /* searchPart.swift */,
			);
			path = Chapter6;
			sourceTree = "<group>";
		};
		3E6E3ADF29E06D990088F983 /* Level2 */ = {
			isa = PBXGroup;
			children = (
				3E6E3AE029E06DB00088F983 /* 연속된 부분 수열의 합.swift */,
			);
			path = Level2;
			sourceTree = "<group>";
		};
		3EAD6D5929F03513004F7AEA /* Chapter9 */ = {
			isa = PBXGroup;
			children = (
				3EAD6D5A29F03524004F7AEA /* dijkstra.swift */,
				3EAD6D8E29F295A4004F7AEA /* 개선된 다익스트라.swift */,
				3EAD6D9029F2A0BD004F7AEA /* 기본 다익스트라.swift */,
				3EAD6D9429F2D9B7004F7AEA /* 플로이드 워셜.swift */,
				3EAD6D9629F4FFBB004F7AEA /* 미래도시.swift */,
				3EAD6DB029F94B5A004F7AEA /* 전보.swift */,
			);
			path = Chapter9;
			sourceTree = "<group>";
		};
		3EAD6D5C29F05C96004F7AEA /* dataStruct */ = {
			isa = PBXGroup;
			children = (
				3EAD6DB529FA4A40004F7AEA /* disjointSet */,
				3EAD6D6129F19A60004F7AEA /* heap */,
			);
			path = dataStruct;
			sourceTree = "<group>";
		};
		3EAD6D6129F19A60004F7AEA /* heap */ = {
			isa = PBXGroup;
			children = (
				3EAD6D5F29F182BD004F7AEA /* MaxHeap.swift */,
				3EAD6D5D29F05CA0004F7AEA /* MinHeap.swift */,
			);
			path = heap;
			sourceTree = "<group>";
		};
		3EAD6DB229FA4205004F7AEA /* Chapter10 */ = {
			isa = PBXGroup;
			children = (
				3EAD6DB329FA4224004F7AEA /* 서로소 집합.swift */,
				3EAD6DBA29FA74E8004F7AEA /* 크루스칼 알고리즘.swift */,
				3EAD6E2F29FE71C8004F7AEA /* 팀 결성 문제.swift */,
				3EAD6E3129FE7221004F7AEA /* 도시 분할 계획 문제.swift */,
				3EAD6E3329FE7230004F7AEA /* 커리큘럼 문제.swift */,
				3EAD6E352A025FCD004F7AEA /* 위상정렬.swift */,
			);
			path = Chapter10;
			sourceTree = "<group>";
		};
		3EAD6DB529FA4A40004F7AEA /* disjointSet */ = {
			isa = PBXGroup;
			children = (
				3EAD6DB629FA4EA8004F7AEA /* DisjointSet.swift */,
			);
			path = disjointSet;
			sourceTree = "<group>";
		};
/* End PBXGroup section */

/* Begin PBXNativeTarget section */
		3E6E3AAA29D96D7C0088F983 /* PracticeCodingTest */ = {
			isa = PBXNativeTarget;
			buildConfigurationList = 3E6E3AB229D96D7C0088F983 /* Build configuration list for PBXNativeTarget "PracticeCodingTest" */;
			buildPhases = (
				3E6E3AA729D96D7C0088F983 /* Sources */,
				3E6E3AA829D96D7C0088F983 /* Frameworks */,
				3E6E3AA929D96D7C0088F983 /* CopyFiles */,
			);
			buildRules = (
			);
			dependencies = (
			);
			name = PracticeCodingTest;
			productName = practiceCodingTest;
			productReference = 3E6E3AAB29D96D7C0088F983 /* PracticeCodingTest */;
			productType = "com.apple.product-type.tool";
		};
/* End PBXNativeTarget section */

/* Begin PBXProject section */
		3E6E3AA329D96D7C0088F983 /* Project object */ = {
			isa = PBXProject;
			attributes = {
				BuildIndependentTargetsInParallel = 1;
				LastSwiftUpdateCheck = 1420;
				LastUpgradeCheck = 1420;
				TargetAttributes = {
					3E6E3AAA29D96D7C0088F983 = {
						CreatedOnToolsVersion = 14.2;
					};
				};
			};
			buildConfigurationList = 3E6E3AA629D96D7C0088F983 /* Build configuration list for PBXProject "PracticeCodingTest" */;
			compatibilityVersion = "Xcode 14.0";
			developmentRegion = en;
			hasScannedForEncodings = 0;
			knownRegions = (
				en,
				Base,
			);
			mainGroup = 3E6E3AA229D96D7C0088F983;
			productRefGroup = 3E6E3AAC29D96D7C0088F983 /* Products */;
			projectDirPath = "";
			projectRoot = "";
			targets = (
				3E6E3AAA29D96D7C0088F983 /* PracticeCodingTest */,
			);
		};
/* End PBXProject section */

/* Begin PBXSourcesBuildPhase section */
		3E6E3AA729D96D7C0088F983 /* Sources */ = {
			isa = PBXSourcesBuildPhase;
			buildActionMask = 2147483647;
			files = (
				3EAD6E3C2A036D1B004F7AEA /* 큰 수의 법칙.swift in Sources */,
				3E6D72D729E1CB31002D9CC4 /* babbling.swift in Sources */,
				3EAD6DA929F8D17D004F7AEA /* 문자열의 뒤의 n글자.swift in Sources */,
				3EAD6E532A0787CF004F7AEA /* 실전문제3 게임 개발2.swift in Sources */,
				3E6E3ABF29D9ABB90088F983 /* numberCardGame.swift in Sources */,
				3E6E3AD129DDA2E30088F983 /* dfs.swift in Sources */,
				3EAD6DA529F6C5DF004F7AEA /* 카운트 다운.swift in Sources */,
				3EAD6D5B29F03524004F7AEA /* dijkstra.swift in Sources */,
				3EAD6E412A037329004F7AEA /* 1이 될 때까지.swift in Sources */,
				3EAD6DA329F6C525004F7AEA /* 공백으로 구분하기 1.swift in Sources */,
				3E6E3ACA29DAE4390088F983 /* developmentGame.swift in Sources */,
				3EAD6DB429FA4224004F7AEA /* 서로소 집합.swift in Sources */,
				3EAD6DBB29FA74E8004F7AEA /* 크루스칼 알고리즘.swift in Sources */,
				3EAD6D9929F6BFD1004F7AEA /* qr code.swift in Sources */,
				3EAD6E3229FE7221004F7AEA /* 도시 분할 계획 문제.swift in Sources */,
				3E49F1E729E572EA009F4779 /* 연속된 수의 합.swift in Sources */,
				3E6E3AE129E06DB00088F983 /* 연속된 부분 수열의 합.swift in Sources */,
				3E6D72D329E1B2CC002D9CC4 /* player.swift in Sources */,
				3E6D72D529E1C6E1002D9CC4 /* memoryScore.swift in Sources */,
				3EAD6DA129F6C429004F7AEA /* n 번째 원소까지.swift in Sources */,
				3E6E3AAF29D96D7C0088F983 /* main.swift in Sources */,
				3EAD6D9B29F6C122004F7AEA /* 문자열을 정수로 변환하기.swift in Sources */,
				3EAD6E4B2A04BB49004F7AEA /* 실전문제 3 게임 개발.swift in Sources */,
				3E49F1EF29E58875009F4779 /* 문자열 정렬하기2.swift in Sources */,
				3EAD6E452A04AD90004F7AEA /* 예제 4-2 시각.swift in Sources */,
				3EAD6DAD29F8D41E004F7AEA /* 정수 찾기.swift in Sources */,
				3EAD6E512A07854F004F7AEA /* 실전문제2 왕실의 나이트2.swift in Sources */,
				3E6E3AD929DF001C0088F983 /* performanceAppraisal.swift in Sources */,
				3EAD6E382A036701004F7AEA /* 거스름돈.swift in Sources */,
				3EAD6E492A04B278004F7AEA /* 실전문제2 왕실의 나이트.swift in Sources */,
				3E6D72CE29E187C2002D9CC4 /* floorConstruction.swift in Sources */,
				3EAD6DAF29F8D5BB004F7AEA /* 문자열 정수의 합.swift in Sources */,
				3E6E3AC629DA7BCD0088F983 /* clock.swift in Sources */,
				3EAD6D9D29F6C173004F7AEA /* 문자열로 변환.swift in Sources */,
				3EAD6E362A025FCD004F7AEA /* 위상정렬.swift in Sources */,
				3E6E3AD729DEE6E90088F983 /*  shortestDistance.swift in Sources */,
				3E6E3ACD29DB13F70088F983 /* practice.swift in Sources */,
				3E49F1F129E5897A009F4779 /* 세균 증식.swift in Sources */,
				3EAD6DB729FA4EA8004F7AEA /* DisjointSet.swift in Sources */,
				3EAD6DA729F6C6A3004F7AEA /* 문자열 곱하기.swift in Sources */,
				3EAD6E3029FE71C8004F7AEA /* 팀 결성 문제.swift in Sources */,
				3E6E3ACF29DC74DF0088F983 /* ice.swift in Sources */,
				3E6E3AB729D9A2150088F983 /* excuteFunc.swift in Sources */,
				3EAD6E3429FE7230004F7AEA /* 커리큘럼 문제.swift in Sources */,
				3EAD6E3F2A036F4D004F7AEA /* 숫자 카드 게임.swift in Sources */,
				3E49F1E929E57C06009F4779 /* 문자열 밀기.swift in Sources */,
				3E6E3ADE29E062E90088F983 /* searchPart.swift in Sources */,
				3EAD6DB129F94B5A004F7AEA /* 전보.swift in Sources */,
				3E6D72D029E18C42002D9CC4 /* efficientMoney.swift in Sources */,
				3E6D72CA29E15EAF002D9CC4 /* makeOne.swift in Sources */,
				3EAD6D6029F182BD004F7AEA /* MaxHeap.swift in Sources */,
				3E6E3AC829DAB1110088F983 /* royalNight.swift in Sources */,
				3EAD6D9529F2D9B7004F7AEA /* 플로이드 워셜.swift in Sources */,
				3E6E3ABA29D9A5B00088F983 /* bigNum.swift in Sources */,
				3E6E3ABD29D9A7550088F983 /* totalMarginCoin.swift in Sources */,
				3EAD6D5E29F05CA0004F7AEA /* MinHeap.swift in Sources */,
				3E6E3AD529DED6370088F983 /* SumOfConsecutivePulseSubsequences.swift in Sources */,
				3E49F1F529E819F0009F4779 /* 아방가르드 스타일.swift in Sources */,
				3EAD6D8F29F295A4004F7AEA /* 개선된 다익스트라.swift in Sources */,
				3E6E3AC129D9B6380088F983 /* untilOne.swift in Sources */,
				3EAD6E432A04AA93004F7AEA /* 예제 4-1 상하좌우.swift in Sources */,
				3E6D72CC29E178AC002D9CC4 /* antWarrior.swift in Sources */,
				3EAD6D9129F2A0BD004F7AEA /* 기본 다익스트라.swift in Sources */,
				3E6E3ADC29E0452B0088F983 /* binarySearch.swift in Sources */,
				3E49F1EB29E5814F009F4779 /* 잘라서 배열로 저장하기.swift in Sources */,
				3EAD6D9729F4FFBB004F7AEA /* 미래도시.swift in Sources */,
				3EAD6D9F29F6C1CC004F7AEA /* 소문자로 바꾸기.swift in Sources */,
				3E49F1ED29E58685009F4779 /* 7의 개수.swift in Sources */,
				3E6E3AC429DA75A40088F983 /* lrud.swift in Sources */,
				3EAD6DAB29F8D20D004F7AEA /* 문자 리스트를 문자열로 변환하기.swift in Sources */,
			);
			runOnlyForDeploymentPostprocessing = 0;
		};
/* End PBXSourcesBuildPhase section */

/* Begin XCBuildConfiguration section */
		3E6E3AB029D96D7C0088F983 /* Debug */ = {
			isa = XCBuildConfiguration;
			buildSettings = {
				ALWAYS_SEARCH_USER_PATHS = NO;
				CLANG_ANALYZER_NONNULL = YES;
				CLANG_ANALYZER_NUMBER_OBJECT_CONVERSION = YES_AGGRESSIVE;
				CLANG_CXX_LANGUAGE_STANDARD = "gnu++20";
				CLANG_ENABLE_MODULES = YES;
				CLANG_ENABLE_OBJC_ARC = YES;
				CLANG_ENABLE_OBJC_WEAK = YES;
				CLANG_WARN_BLOCK_CAPTURE_AUTORELEASING = YES;
				CLANG_WARN_BOOL_CONVERSION = YES;
				CLANG_WARN_COMMA = YES;
				CLANG_WARN_CONSTANT_CONVERSION = YES;
				CLANG_WARN_DEPRECATED_OBJC_IMPLEMENTATIONS = YES;
				CLANG_WARN_DIRECT_OBJC_ISA_USAGE = YES_ERROR;
				CLANG_WARN_DOCUMENTATION_COMMENTS = YES;
				CLANG_WARN_EMPTY_BODY = YES;
				CLANG_WARN_ENUM_CONVERSION = YES;
				CLANG_WARN_INFINITE_RECURSION = YES;
				CLANG_WARN_INT_CONVERSION = YES;
				CLANG_WARN_NON_LITERAL_NULL_CONVERSION = YES;
				CLANG_WARN_OBJC_IMPLICIT_RETAIN_SELF = YES;
				CLANG_WARN_OBJC_LITERAL_CONVERSION = YES;
				CLANG_WARN_OBJC_ROOT_CLASS = YES_ERROR;
				CLANG_WARN_QUOTED_INCLUDE_IN_FRAMEWORK_HEADER = YES;
				CLANG_WARN_RANGE_LOOP_ANALYSIS = YES;
				CLANG_WARN_STRICT_PROTOTYPES = YES;
				CLANG_WARN_SUSPICIOUS_MOVE = YES;
				CLANG_WARN_UNGUARDED_AVAILABILITY = YES_AGGRESSIVE;
				CLANG_WARN_UNREACHABLE_CODE = YES;
				CLANG_WARN__DUPLICATE_METHOD_MATCH = YES;
				COPY_PHASE_STRIP = NO;
				DEBUG_INFORMATION_FORMAT = dwarf;
				ENABLE_STRICT_OBJC_MSGSEND = YES;
				ENABLE_TESTABILITY = YES;
				GCC_C_LANGUAGE_STANDARD = gnu11;
				GCC_DYNAMIC_NO_PIC = NO;
				GCC_NO_COMMON_BLOCKS = YES;
				GCC_OPTIMIZATION_LEVEL = 0;
				GCC_PREPROCESSOR_DEFINITIONS = (
					"DEBUG=1",
					"$(inherited)",
				);
				GCC_WARN_64_TO_32_BIT_CONVERSION = YES;
				GCC_WARN_ABOUT_RETURN_TYPE = YES_ERROR;
				GCC_WARN_UNDECLARED_SELECTOR = YES;
				GCC_WARN_UNINITIALIZED_AUTOS = YES_AGGRESSIVE;
				GCC_WARN_UNUSED_FUNCTION = YES;
				GCC_WARN_UNUSED_VARIABLE = YES;
				MACOSX_DEPLOYMENT_TARGET = 13.0;
				MTL_ENABLE_DEBUG_INFO = INCLUDE_SOURCE;
				MTL_FAST_MATH = YES;
				ONLY_ACTIVE_ARCH = YES;
				SDKROOT = macosx;
				SWIFT_ACTIVE_COMPILATION_CONDITIONS = DEBUG;
				SWIFT_OPTIMIZATION_LEVEL = "-Onone";
			};
			name = Debug;
		};
		3E6E3AB129D96D7C0088F983 /* Release */ = {
			isa = XCBuildConfiguration;
			buildSettings = {
				ALWAYS_SEARCH_USER_PATHS = NO;
				CLANG_ANALYZER_NONNULL = YES;
				CLANG_ANALYZER_NUMBER_OBJECT_CONVERSION = YES_AGGRESSIVE;
				CLANG_CXX_LANGUAGE_STANDARD = "gnu++20";
				CLANG_ENABLE_MODULES = YES;
				CLANG_ENABLE_OBJC_ARC = YES;
				CLANG_ENABLE_OBJC_WEAK = YES;
				CLANG_WARN_BLOCK_CAPTURE_AUTORELEASING = YES;
				CLANG_WARN_BOOL_CONVERSION = YES;
				CLANG_WARN_COMMA = YES;
				CLANG_WARN_CONSTANT_CONVERSION = YES;
				CLANG_WARN_DEPRECATED_OBJC_IMPLEMENTATIONS = YES;
				CLANG_WARN_DIRECT_OBJC_ISA_USAGE = YES_ERROR;
				CLANG_WARN_DOCUMENTATION_COMMENTS = YES;
				CLANG_WARN_EMPTY_BODY = YES;
				CLANG_WARN_ENUM_CONVERSION = YES;
				CLANG_WARN_INFINITE_RECURSION = YES;
				CLANG_WARN_INT_CONVERSION = YES;
				CLANG_WARN_NON_LITERAL_NULL_CONVERSION = YES;
				CLANG_WARN_OBJC_IMPLICIT_RETAIN_SELF = YES;
				CLANG_WARN_OBJC_LITERAL_CONVERSION = YES;
				CLANG_WARN_OBJC_ROOT_CLASS = YES_ERROR;
				CLANG_WARN_QUOTED_INCLUDE_IN_FRAMEWORK_HEADER = YES;
				CLANG_WARN_RANGE_LOOP_ANALYSIS = YES;
				CLANG_WARN_STRICT_PROTOTYPES = YES;
				CLANG_WARN_SUSPICIOUS_MOVE = YES;
				CLANG_WARN_UNGUARDED_AVAILABILITY = YES_AGGRESSIVE;
				CLANG_WARN_UNREACHABLE_CODE = YES;
				CLANG_WARN__DUPLICATE_METHOD_MATCH = YES;
				COPY_PHASE_STRIP = NO;
				DEBUG_INFORMATION_FORMAT = "dwarf-with-dsym";
				ENABLE_NS_ASSERTIONS = NO;
				ENABLE_STRICT_OBJC_MSGSEND = YES;
				GCC_C_LANGUAGE_STANDARD = gnu11;
				GCC_NO_COMMON_BLOCKS = YES;
				GCC_WARN_64_TO_32_BIT_CONVERSION = YES;
				GCC_WARN_ABOUT_RETURN_TYPE = YES_ERROR;
				GCC_WARN_UNDECLARED_SELECTOR = YES;
				GCC_WARN_UNINITIALIZED_AUTOS = YES_AGGRESSIVE;
				GCC_WARN_UNUSED_FUNCTION = YES;
				GCC_WARN_UNUSED_VARIABLE = YES;
				MACOSX_DEPLOYMENT_TARGET = 13.0;
				MTL_ENABLE_DEBUG_INFO = NO;
				MTL_FAST_MATH = YES;
				SDKROOT = macosx;
				SWIFT_COMPILATION_MODE = wholemodule;
				SWIFT_OPTIMIZATION_LEVEL = "-O";
			};
			name = Release;
		};
		3E6E3AB329D96D7C0088F983 /* Debug */ = {
			isa = XCBuildConfiguration;
			buildSettings = {
				CODE_SIGN_STYLE = Automatic;
				DEVELOPMENT_TEAM = JY9325XZUG;
				ENABLE_HARDENED_RUNTIME = YES;
				PRODUCT_NAME = "$(TARGET_NAME)";
				SWIFT_VERSION = 5.0;
			};
			name = Debug;
		};
		3E6E3AB429D96D7C0088F983 /* Release */ = {
			isa = XCBuildConfiguration;
			buildSettings = {
				CODE_SIGN_STYLE = Automatic;
				DEVELOPMENT_TEAM = JY9325XZUG;
				ENABLE_HARDENED_RUNTIME = YES;
				PRODUCT_NAME = "$(TARGET_NAME)";
				SWIFT_VERSION = 5.0;
			};
			name = Release;
		};
/* End XCBuildConfiguration section */

/* Begin XCConfigurationList section */
		3E6E3AA629D96D7C0088F983 /* Build configuration list for PBXProject "PracticeCodingTest" */ = {
			isa = XCConfigurationList;
			buildConfigurations = (
				3E6E3AB029D96D7C0088F983 /* Debug */,
				3E6E3AB129D96D7C0088F983 /* Release */,
			);
			defaultConfigurationIsVisible = 0;
			defaultConfigurationName = Release;
		};
		3E6E3AB229D96D7C0088F983 /* Build configuration list for PBXNativeTarget "PracticeCodingTest" */ = {
			isa = XCConfigurationList;
			buildConfigurations = (
				3E6E3AB329D96D7C0088F983 /* Debug */,
				3E6E3AB429D96D7C0088F983 /* Release */,
			);
			defaultConfigurationIsVisible = 0;
			defaultConfigurationName = Release;
		};
/* End XCConfigurationList section */
	};
	rootObject = 3E6E3AA329D96D7C0088F983 /* Project object */;
}
